
Microsoft Visual Studio Solution File, Format Version 12.00
# Visual Studio Version 16
VisualStudioVersion = 16.0.33214.272
MinimumVisualStudioVersion = 10.0.40219.1
Project("{FAE04EC0-301F-11D3-BF4B-00C04F79EFBC}") = "Mission4", "Mission4.csproj", "{D832FF7E-78DF-45F3-A857-B094D832F0C9}"
EndProject
Global
	GlobalSection(SolutionConfigurationPlatforms) = preSolution
		Debug|Any CPU = Debug|Any CPU
		Release|Any CPU = Release|Any CPU
	EndGlobalSection
	GlobalSection(ProjectConfigurationPlatforms) = postSolution
		{D832FF7E-78DF-45F3-A857-B094D832F0C9}.Debug|Any CPU.ActiveCfg = Debug|Any CPU
		{D832FF7E-78DF-45F3-A857-B094D832F0C9}.Debug|Any CPU.Build.0 = Debug|Any CPU
		{D832FF7E-78DF-45F3-A857-B094D832F0C9}.Release|Any CPU.ActiveCfg = Release|Any CPU
		{D832FF7E-78DF-45F3-A857-B094D832F0C9}.Release|Any CPU.Build.0 = Release|Any CPU
	EndGlobalSection
	GlobalSection(SolutionProperties) = preSolution
		HideSolutionNode = FALSE
	EndGlobalSection
	GlobalSection(ExtensibilityGlobals) = postSolution
		SolutionGuid = {891FC744-9F60-4908-9683-BA31AACB7482}
	EndGlobalSection
EndGlobal
